
Microsoft Visual Studio Solution File, Format Version 12.00
# Visual Studio 15
VisualStudioVersion = 15.0.27703.2047
MinimumVisualStudioVersion = 10.0.40219.1
Project("{9A19103F-16F7-4668-BE54-9A1E7A4F7556}") = "AspNetCoreTodo", "AspNetCoreTodo.csproj", "{C0BB6A4B-0CB7-4114-9B14-4B0E229223DD}"
EndProject
Global
	GlobalSection(SolutionConfigurationPlatforms) = preSolution
		Debug|Any CPU = Debug|Any CPU
		Release|Any CPU = Release|Any CPU
	EndGlobalSection
	GlobalSection(ProjectConfigurationPlatforms) = postSolution
		{C0BB6A4B-0CB7-4114-9B14-4B0E229223DD}.Debug|Any CPU.ActiveCfg = Debug|Any CPU
		{C0BB6A4B-0CB7-4114-9B14-4B0E229223DD}.Debug|Any CPU.Build.0 = Debug|Any CPU
		{C0BB6A4B-0CB7-4114-9B14-4B0E229223DD}.Release|Any CPU.ActiveCfg = Release|Any CPU
		{C0BB6A4B-0CB7-4114-9B14-4B0E229223DD}.Release|Any CPU.Build.0 = Release|Any CPU
	EndGlobalSection
	GlobalSection(SolutionProperties) = preSolution
		HideSolutionNode = FALSE
	EndGlobalSection
	GlobalSection(ExtensibilityGlobals) = postSolution
		SolutionGuid = {6085EB8E-E115-4965-BD39-0082D90DECDE}
	EndGlobalSection
EndGlobal
